
Microsoft Visual Studio Solution File, Format Version 12.00
# Visual Studio Version 16
VisualStudioVersion = 16.0.31025.194
MinimumVisualStudioVersion = 10.0.40219.1
Project("{FAE04EC0-301F-11D3-BF4B-00C04F79EFBC}") = "RazorPagesMovie", "RazorPagesMovie.csproj", "{98E1BB41-13DE-45C4-A40A-9A7D7A7AABC6}"
EndProject
Global
	GlobalSection(SolutionConfigurationPlatforms) = preSolution
		Debug|Any CPU = Debug|Any CPU
		Release|Any CPU = Release|Any CPU
	EndGlobalSection
	GlobalSection(ProjectConfigurationPlatforms) = postSolution
		{98E1BB41-13DE-45C4-A40A-9A7D7A7AABC6}.Debug|Any CPU.ActiveCfg = Debug|Any CPU
		{98E1BB41-13DE-45C4-A40A-9A7D7A7AABC6}.Debug|Any CPU.Build.0 = Debug|Any CPU
		{98E1BB41-13DE-45C4-A40A-9A7D7A7AABC6}.Release|Any CPU.ActiveCfg = Release|Any CPU
		{98E1BB41-13DE-45C4-A40A-9A7D7A7AABC6}.Release|Any CPU.Build.0 = Release|Any CPU
	EndGlobalSection
	GlobalSection(SolutionProperties) = preSolution
		HideSolutionNode = FALSE
	EndGlobalSection
	GlobalSection(ExtensibilityGlobals) = postSolution
		SolutionGuid = {0FFA873E-5EDE-4E09-80FB-9DDB86413482}
	EndGlobalSection
EndGlobal
